
Microsoft Visual Studio Solution File, Format Version 12.00
# Visual Studio Version 16
VisualStudioVersion = 16.0.31613.86
MinimumVisualStudioVersion = 10.0.40219.1
Project("{FAE04EC0-301F-11D3-BF4B-00C04F79EFBC}") = "LearnSpecFlow", "LearnSpecFlow\LearnSpecFlow.csproj", "{63FF4AFE-93DB-4356-BB9D-2B1404E85697}"
EndProject
Project("{2150E333-8FDC-42A3-9474-1A3956D46DE8}") = "Solution Items", "Solution Items", "{17B9C82E-9DB0-4AE2-B482-389ABA390713}"
	ProjectSection(SolutionItems) = preProject
		.editorconfig = .editorconfig
	EndProjectSection
EndProject
Global
	GlobalSection(SolutionConfigurationPlatforms) = preSolution
		Debug|Any CPU = Debug|Any CPU
		Release|Any CPU = Release|Any CPU
	EndGlobalSection
	GlobalSection(ProjectConfigurationPlatforms) = postSolution
		{63FF4AFE-93DB-4356-BB9D-2B1404E85697}.Debug|Any CPU.ActiveCfg = Debug|Any CPU
		{63FF4AFE-93DB-4356-BB9D-2B1404E85697}.Debug|Any CPU.Build.0 = Debug|Any CPU
		{63FF4AFE-93DB-4356-BB9D-2B1404E85697}.Release|Any CPU.ActiveCfg = Release|Any CPU
		{63FF4AFE-93DB-4356-BB9D-2B1404E85697}.Release|Any CPU.Build.0 = Release|Any CPU
	EndGlobalSection
	GlobalSection(SolutionProperties) = preSolution
		HideSolutionNode = FALSE
	EndGlobalSection
	GlobalSection(ExtensibilityGlobals) = postSolution
		SolutionGuid = {8F806648-208A-4C59-ABCF-CAE1D7ADA2D8}
	EndGlobalSection
EndGlobal
